
Microsoft Visual Studio Solution File, Format Version 12.00
# Visual Studio Version 16
VisualStudioVersion = 16.0.31205.134
MinimumVisualStudioVersion = 10.0.40219.1
Project("{8BC9CEB8-8B4A-11D0-8D11-00A0C91BC942}") = "SE", "SE\SE.vcxproj", "{C821B240-49C9-4873-89D1-4233E6DDA642}"
EndProject
Global
	GlobalSection(SolutionConfigurationPlatforms) = preSolution
		Debug|x64 = Debug|x64
		Debug|x86 = Debug|x86
		Release|x64 = Release|x64
		Release|x86 = Release|x86
	EndGlobalSection
	GlobalSection(ProjectConfigurationPlatforms) = postSolution
		{C821B240-49C9-4873-89D1-4233E6DDA642}.Debug|x64.ActiveCfg = Debug|x64
		{C821B240-49C9-4873-89D1-4233E6DDA642}.Debug|x64.Build.0 = Debug|x64
		{C821B240-49C9-4873-89D1-4233E6DDA642}.Debug|x86.ActiveCfg = Debug|Win32
		{C821B240-49C9-4873-89D1-4233E6DDA642}.Debug|x86.Build.0 = Debug|Win32
		{C821B240-49C9-4873-89D1-4233E6DDA642}.Release|x64.ActiveCfg = Release|x64
		{C821B240-49C9-4873-89D1-4233E6DDA642}.Release|x64.Build.0 = Release|x64
		{C821B240-49C9-4873-89D1-4233E6DDA642}.Release|x86.ActiveCfg = Release|Win32
		{C821B240-49C9-4873-89D1-4233E6DDA642}.Release|x86.Build.0 = Release|Win32
	EndGlobalSection
	GlobalSection(SolutionProperties) = preSolution
		HideSolutionNode = FALSE
	EndGlobalSection
	GlobalSection(ExtensibilityGlobals) = postSolution
		SolutionGuid = {7A7ED9F6-B782-49E7-B49C-936250E95110}
	EndGlobalSection
EndGlobal
